// !$*UTF8*$!
{
	archiveVersion = 1;
	classes = {
	};
	objectVersion = 55;
	objects = {

/* Begin PBXBuildFile section */
		0269723628DC66CD00C92DF1 /* TabBarItem.swift in Sources */ = {isa = PBXBuildFile; fileRef = 0269723528DC66CD00C92DF1 /* TabBarItem.swift */; };
		0269723828DC66D800C92DF1 /* TabBarView.swift in Sources */ = {isa = PBXBuildFile; fileRef = 0269723728DC66D800C92DF1 /* TabBarView.swift */; };
		E45C6EC627EB776500EC5317 /* HomePageModel.swift in Sources */ = {isa = PBXBuildFile; fileRef = E45C6EC527EB776500EC5317 /* HomePageModel.swift */; };
		E45C6ECA27EB77DC00EC5317 /* HomeContentView.swift in Sources */ = {isa = PBXBuildFile; fileRef = E45C6EC927EB77DC00EC5317 /* HomeContentView.swift */; };
		E45C6ED027EB788800EC5317 /* HomeScorersView.swift in Sources */ = {isa = PBXBuildFile; fileRef = E45C6ECF27EB788800EC5317 /* HomeScorersView.swift */; };
		E45C6ED327EB78A100EC5317 /* HomeLiveResultView.swift in Sources */ = {isa = PBXBuildFile; fileRef = E45C6ED227EB78A100EC5317 /* HomeLiveResultView.swift */; };
		E45C6ED627EB78B900EC5317 /* HomeStandingView.swift in Sources */ = {isa = PBXBuildFile; fileRef = E45C6ED527EB78B900EC5317 /* HomeStandingView.swift */; };
		E45C6EDA27EB804000EC5317 /* StandingListRow.swift in Sources */ = {isa = PBXBuildFile; fileRef = E45C6ED927EB804000EC5317 /* StandingListRow.swift */; };
		E45C6EDD27EB805C00EC5317 /* HomeStandingViewModel.swift in Sources */ = {isa = PBXBuildFile; fileRef = E45C6EDC27EB805C00EC5317 /* HomeStandingViewModel.swift */; };
		E45C6EE027EB80A500EC5317 /* HomeStandingModel.swift in Sources */ = {isa = PBXBuildFile; fileRef = E45C6EDF27EB80A500EC5317 /* HomeStandingModel.swift */; };
		E45C6EE327EB890500EC5317 /* RealmModels.swift in Sources */ = {isa = PBXBuildFile; fileRef = E45C6EE227EB890500EC5317 /* RealmModels.swift */; };
		E45C6EE627EB93EF00EC5317 /* Realm in Frameworks */ = {isa = PBXBuildFile; productRef = E45C6EE527EB93EF00EC5317 /* Realm */; };
		E45C6EE827EB93EF00EC5317 /* RealmSwift in Frameworks */ = {isa = PBXBuildFile; productRef = E45C6EE727EB93EF00EC5317 /* RealmSwift */; };
		E45C6EEA27EB9BC400EC5317 /* PersistanceManager.swift in Sources */ = {isa = PBXBuildFile; fileRef = E45C6EE927EB9BC400EC5317 /* PersistanceManager.swift */; };
		E45C6EED27EB9FC600EC5317 /* TeamsCodable.swift in Sources */ = {isa = PBXBuildFile; fileRef = E45C6EEC27EB9FC600EC5317 /* TeamsCodable.swift */; };
		E461DB532805942400BBD51E /* ScorersListRow.swift in Sources */ = {isa = PBXBuildFile; fileRef = E461DB522805942400BBD51E /* ScorersListRow.swift */; };
		E461DB562805945F00BBD51E /* HomeScorersModel.swift in Sources */ = {isa = PBXBuildFile; fileRef = E461DB552805945F00BBD51E /* HomeScorersModel.swift */; };
		E461DB582805955300BBD51E /* SoccerLeague.swift in Sources */ = {isa = PBXBuildFile; fileRef = E461DB572805955300BBD51E /* SoccerLeague.swift */; };
		E461DB5A2805977C00BBD51E /* ScorersCodable.swift in Sources */ = {isa = PBXBuildFile; fileRef = E461DB592805977C00BBD51E /* ScorersCodable.swift */; };
		E461DB5D28059D7300BBD51E /* HomeScorersViewModel.swift in Sources */ = {isa = PBXBuildFile; fileRef = E461DB5C28059D7300BBD51E /* HomeScorersViewModel.swift */; };
		E461DB6B2808422F00BBD51E /* HomeLiveResultViewModel.swift in Sources */ = {isa = PBXBuildFile; fileRef = E461DB6A2808422F00BBD51E /* HomeLiveResultViewModel.swift */; };
		E461DB6D280842E600BBD51E /* MatchesStatus.swift in Sources */ = {isa = PBXBuildFile; fileRef = E461DB6C280842E600BBD51E /* MatchesStatus.swift */; };
		E461DB6F2808452E00BBD51E /* MatchesCodable.swift in Sources */ = {isa = PBXBuildFile; fileRef = E461DB6E2808452E00BBD51E /* MatchesCodable.swift */; };
		E462D8A528005842001CF457 /* StandingCodable.swift in Sources */ = {isa = PBXBuildFile; fileRef = E462D8A428005842001CF457 /* StandingCodable.swift */; };
		E462D8A728005BE5001CF457 /* BaseViewModel.swift in Sources */ = {isa = PBXBuildFile; fileRef = E462D8A628005BE5001CF457 /* BaseViewModel.swift */; };
		E46B683027E9BB1A00F7E679 /* Assets.xcassets in Resources */ = {isa = PBXBuildFile; fileRef = E4D102B927E3A5D5005133B1 /* Assets.xcassets */; };
		E4917C9027F21157004106F1 /* DefaultKeys.swift in Sources */ = {isa = PBXBuildFile; fileRef = E4917C8F27F21157004106F1 /* DefaultKeys.swift */; };
		E4917C9327F212EE004106F1 /* SwiftyUserDefaults in Frameworks */ = {isa = PBXBuildFile; productRef = E4917C9227F212EE004106F1 /* SwiftyUserDefaults */; };
		E4ABC19A282175740099196D /* SoccerAPIManagerProtocol.swift in Sources */ = {isa = PBXBuildFile; fileRef = E4ABC199282175740099196D /* SoccerAPIManagerProtocol.swift */; };
		E4ABC19E28217DB80099196D /* CommonStatusView.swift in Sources */ = {isa = PBXBuildFile; fileRef = E4ABC19D28217DB80099196D /* CommonStatusView.swift */; };
		E4ABC1A028217DE00099196D /* LoadingView.swift in Sources */ = {isa = PBXBuildFile; fileRef = E4ABC19F28217DE00099196D /* LoadingView.swift */; };
		E4ABC1A228217DE80099196D /* ErrorView.swift in Sources */ = {isa = PBXBuildFile; fileRef = E4ABC1A128217DE80099196D /* ErrorView.swift */; };
		E4ABC1A428218DFE0099196D /* ViewStatus.swift in Sources */ = {isa = PBXBuildFile; fileRef = E4ABC1A328218DFE0099196D /* ViewStatus.swift */; };
		E4ABC1A8282196E10099196D /* CommonConstants.swift in Sources */ = {isa = PBXBuildFile; fileRef = E4ABC1A62821957F0099196D /* CommonConstants.swift */; };
		E4ABC1AA282198F60099196D /* ScorersListHeader.swift in Sources */ = {isa = PBXBuildFile; fileRef = E4ABC1A9282198F60099196D /* ScorersListHeader.swift */; };
		E4ABC1AC282199650099196D /* StandingListHeader.swift in Sources */ = {isa = PBXBuildFile; fileRef = E4ABC1AB282199650099196D /* StandingListHeader.swift */; };
		E4D102B627E3A5D0005133B1 /* SwiftSoccerApp.swift in Sources */ = {isa = PBXBuildFile; fileRef = E4D102B527E3A5D0005133B1 /* SwiftSoccerApp.swift */; };
		E4D102B827E3A5D0005133B1 /* ContentView.swift in Sources */ = {isa = PBXBuildFile; fileRef = E4D102B727E3A5D0005133B1 /* ContentView.swift */; };
		E4D102BD27E3A5D5005133B1 /* Preview Assets.xcassets in Resources */ = {isa = PBXBuildFile; fileRef = E4D102BC27E3A5D5005133B1 /* Preview Assets.xcassets */; };
		E4D102C527E3A652005133B1 /* Alamofire in Frameworks */ = {isa = PBXBuildFile; productRef = E4D102C427E3A652005133B1 /* Alamofire */; };
		E4D102CD27E473E9005133B1 /* Strings.swift in Sources */ = {isa = PBXBuildFile; fileRef = E4D102CB27E473E9005133B1 /* Strings.swift */; };
		E4D102D127E473F2005133B1 /* Localizable.strings in Resources */ = {isa = PBXBuildFile; fileRef = E4D102CE27E473F2005133B1 /* Localizable.strings */; };
		E4D102D227E473F2005133B1 /* swiftgen.yml in Resources */ = {isa = PBXBuildFile; fileRef = E4D102CF27E473F2005133B1 /* swiftgen.yml */; };
		E4D102D527E47469005133B1 /* Images.swift in Sources */ = {isa = PBXBuildFile; fileRef = E4D102D427E47469005133B1 /* Images.swift */; };
		E4D102D827E47491005133B1 /* HomeView.swift in Sources */ = {isa = PBXBuildFile; fileRef = E4D102D727E47491005133B1 /* HomeView.swift */; };
		E4D102DC27E474C9005133B1 /* SoccerAPIManager.swift in Sources */ = {isa = PBXBuildFile; fileRef = E4D102DB27E474C9005133B1 /* SoccerAPIManager.swift */; };
		E4D102E027E475E6005133B1 /* HomeViewModel.swift in Sources */ = {isa = PBXBuildFile; fileRef = E4D102DF27E475E6005133B1 /* HomeViewModel.swift */; };
		E4D102E227E47851005133B1 /* StatusCodable.swift in Sources */ = {isa = PBXBuildFile; fileRef = E4D102E127E47851005133B1 /* StatusCodable.swift */; };
		E4D102E427E47974005133B1 /* SoccerAPI.swift in Sources */ = {isa = PBXBuildFile; fileRef = E4D102E327E47974005133B1 /* SoccerAPI.swift */; };
		E4D102E627E4972F005133B1 /* APIError.swift in Sources */ = {isa = PBXBuildFile; fileRef = E4D102E527E4972F005133B1 /* APIError.swift */; };
/* End PBXBuildFile section */

/* Begin PBXFileReference section */
		0269723528DC66CD00C92DF1 /* TabBarItem.swift */ = {isa = PBXFileReference; lastKnownFileType = sourcecode.swift; path = TabBarItem.swift; sourceTree = "<group>"; };
		0269723728DC66D800C92DF1 /* TabBarView.swift */ = {isa = PBXFileReference; lastKnownFileType = sourcecode.swift; path = TabBarView.swift; sourceTree = "<group>"; };
		E45C6EC527EB776500EC5317 /* HomePageModel.swift */ = {isa = PBXFileReference; lastKnownFileType = sourcecode.swift; path = HomePageModel.swift; sourceTree = "<group>"; };
		E45C6EC927EB77DC00EC5317 /* HomeContentView.swift */ = {isa = PBXFileReference; lastKnownFileType = sourcecode.swift; path = HomeContentView.swift; sourceTree = "<group>"; };
		E45C6ECF27EB788800EC5317 /* HomeScorersView.swift */ = {isa = PBXFileReference; lastKnownFileType = sourcecode.swift; path = HomeScorersView.swift; sourceTree = "<group>"; };
		E45C6ED227EB78A100EC5317 /* HomeLiveResultView.swift */ = {isa = PBXFileReference; lastKnownFileType = sourcecode.swift; path = HomeLiveResultView.swift; sourceTree = "<group>"; };
		E45C6ED527EB78B900EC5317 /* HomeStandingView.swift */ = {isa = PBXFileReference; lastKnownFileType = sourcecode.swift; path = HomeStandingView.swift; sourceTree = "<group>"; };
		E45C6ED927EB804000EC5317 /* StandingListRow.swift */ = {isa = PBXFileReference; lastKnownFileType = sourcecode.swift; path = StandingListRow.swift; sourceTree = "<group>"; };
		E45C6EDC27EB805C00EC5317 /* HomeStandingViewModel.swift */ = {isa = PBXFileReference; lastKnownFileType = sourcecode.swift; path = HomeStandingViewModel.swift; sourceTree = "<group>"; };
		E45C6EDF27EB80A500EC5317 /* HomeStandingModel.swift */ = {isa = PBXFileReference; lastKnownFileType = sourcecode.swift; path = HomeStandingModel.swift; sourceTree = "<group>"; };
		E45C6EE227EB890500EC5317 /* RealmModels.swift */ = {isa = PBXFileReference; lastKnownFileType = sourcecode.swift; path = RealmModels.swift; sourceTree = "<group>"; };
		E45C6EE927EB9BC400EC5317 /* PersistanceManager.swift */ = {isa = PBXFileReference; lastKnownFileType = sourcecode.swift; path = PersistanceManager.swift; sourceTree = "<group>"; };
		E45C6EEC27EB9FC600EC5317 /* TeamsCodable.swift */ = {isa = PBXFileReference; lastKnownFileType = sourcecode.swift; path = TeamsCodable.swift; sourceTree = "<group>"; };
		E461DB522805942400BBD51E /* ScorersListRow.swift */ = {isa = PBXFileReference; lastKnownFileType = sourcecode.swift; path = ScorersListRow.swift; sourceTree = "<group>"; };
		E461DB552805945F00BBD51E /* HomeScorersModel.swift */ = {isa = PBXFileReference; lastKnownFileType = sourcecode.swift; path = HomeScorersModel.swift; sourceTree = "<group>"; };
		E461DB572805955300BBD51E /* SoccerLeague.swift */ = {isa = PBXFileReference; lastKnownFileType = sourcecode.swift; path = SoccerLeague.swift; sourceTree = "<group>"; };
		E461DB592805977C00BBD51E /* ScorersCodable.swift */ = {isa = PBXFileReference; lastKnownFileType = sourcecode.swift; path = ScorersCodable.swift; sourceTree = "<group>"; };
		E461DB5C28059D7300BBD51E /* HomeScorersViewModel.swift */ = {isa = PBXFileReference; lastKnownFileType = sourcecode.swift; path = HomeScorersViewModel.swift; sourceTree = "<group>"; };
		E461DB6A2808422F00BBD51E /* HomeLiveResultViewModel.swift */ = {isa = PBXFileReference; lastKnownFileType = sourcecode.swift; path = HomeLiveResultViewModel.swift; sourceTree = "<group>"; };
		E461DB6C280842E600BBD51E /* MatchesStatus.swift */ = {isa = PBXFileReference; lastKnownFileType = sourcecode.swift; path = MatchesStatus.swift; sourceTree = "<group>"; };
		E461DB6E2808452E00BBD51E /* MatchesCodable.swift */ = {isa = PBXFileReference; lastKnownFileType = sourcecode.swift; path = MatchesCodable.swift; sourceTree = "<group>"; };
		E462D8A428005842001CF457 /* StandingCodable.swift */ = {isa = PBXFileReference; lastKnownFileType = sourcecode.swift; path = StandingCodable.swift; sourceTree = "<group>"; };
		E462D8A628005BE5001CF457 /* BaseViewModel.swift */ = {isa = PBXFileReference; lastKnownFileType = sourcecode.swift; path = BaseViewModel.swift; sourceTree = "<group>"; };
		E46B683127E9F34E00F7E679 /* Info.plist */ = {isa = PBXFileReference; lastKnownFileType = text.plist; path = Info.plist; sourceTree = "<group>"; };
		E4917C8F27F21157004106F1 /* DefaultKeys.swift */ = {isa = PBXFileReference; lastKnownFileType = sourcecode.swift; path = DefaultKeys.swift; sourceTree = "<group>"; };
		E4ABC199282175740099196D /* SoccerAPIManagerProtocol.swift */ = {isa = PBXFileReference; lastKnownFileType = sourcecode.swift; path = SoccerAPIManagerProtocol.swift; sourceTree = "<group>"; };
		E4ABC19D28217DB80099196D /* CommonStatusView.swift */ = {isa = PBXFileReference; lastKnownFileType = sourcecode.swift; path = CommonStatusView.swift; sourceTree = "<group>"; };
		E4ABC19F28217DE00099196D /* LoadingView.swift */ = {isa = PBXFileReference; lastKnownFileType = sourcecode.swift; path = LoadingView.swift; sourceTree = "<group>"; };
		E4ABC1A128217DE80099196D /* ErrorView.swift */ = {isa = PBXFileReference; lastKnownFileType = sourcecode.swift; path = ErrorView.swift; sourceTree = "<group>"; };
		E4ABC1A328218DFE0099196D /* ViewStatus.swift */ = {isa = PBXFileReference; lastKnownFileType = sourcecode.swift; path = ViewStatus.swift; sourceTree = "<group>"; };
		E4ABC1A62821957F0099196D /* CommonConstants.swift */ = {isa = PBXFileReference; lastKnownFileType = sourcecode.swift; path = CommonConstants.swift; sourceTree = "<group>"; };
		E4ABC1A9282198F60099196D /* ScorersListHeader.swift */ = {isa = PBXFileReference; lastKnownFileType = sourcecode.swift; path = ScorersListHeader.swift; sourceTree = "<group>"; };
		E4ABC1AB282199650099196D /* StandingListHeader.swift */ = {isa = PBXFileReference; lastKnownFileType = sourcecode.swift; path = StandingListHeader.swift; sourceTree = "<group>"; };
		E4D102B227E3A5D0005133B1 /* SwiftSoccer.app */ = {isa = PBXFileReference; explicitFileType = wrapper.application; includeInIndex = 0; path = SwiftSoccer.app; sourceTree = BUILT_PRODUCTS_DIR; };
		E4D102B527E3A5D0005133B1 /* SwiftSoccerApp.swift */ = {isa = PBXFileReference; lastKnownFileType = sourcecode.swift; path = SwiftSoccerApp.swift; sourceTree = "<group>"; };
		E4D102B727E3A5D0005133B1 /* ContentView.swift */ = {isa = PBXFileReference; lastKnownFileType = sourcecode.swift; path = ContentView.swift; sourceTree = "<group>"; };
		E4D102B927E3A5D5005133B1 /* Assets.xcassets */ = {isa = PBXFileReference; lastKnownFileType = folder.assetcatalog; path = Assets.xcassets; sourceTree = "<group>"; };
		E4D102BC27E3A5D5005133B1 /* Preview Assets.xcassets */ = {isa = PBXFileReference; lastKnownFileType = folder.assetcatalog; path = "Preview Assets.xcassets"; sourceTree = "<group>"; };
		E4D102CB27E473E9005133B1 /* Strings.swift */ = {isa = PBXFileReference; fileEncoding = 4; lastKnownFileType = sourcecode.swift; path = Strings.swift; sourceTree = "<group>"; };
		E4D102CE27E473F2005133B1 /* Localizable.strings */ = {isa = PBXFileReference; fileEncoding = 4; lastKnownFileType = text.plist.strings; path = Localizable.strings; sourceTree = "<group>"; };
		E4D102CF27E473F2005133B1 /* swiftgen.yml */ = {isa = PBXFileReference; fileEncoding = 4; lastKnownFileType = text.yaml; path = swiftgen.yml; sourceTree = "<group>"; };
		E4D102D427E47469005133B1 /* Images.swift */ = {isa = PBXFileReference; fileEncoding = 4; lastKnownFileType = sourcecode.swift; path = Images.swift; sourceTree = "<group>"; };
		E4D102D727E47491005133B1 /* HomeView.swift */ = {isa = PBXFileReference; lastKnownFileType = sourcecode.swift; path = HomeView.swift; sourceTree = "<group>"; };
		E4D102DB27E474C9005133B1 /* SoccerAPIManager.swift */ = {isa = PBXFileReference; lastKnownFileType = sourcecode.swift; path = SoccerAPIManager.swift; sourceTree = "<group>"; };
		E4D102DF27E475E6005133B1 /* HomeViewModel.swift */ = {isa = PBXFileReference; lastKnownFileType = sourcecode.swift; path = HomeViewModel.swift; sourceTree = "<group>"; };
		E4D102E127E47851005133B1 /* StatusCodable.swift */ = {isa = PBXFileReference; lastKnownFileType = sourcecode.swift; path = StatusCodable.swift; sourceTree = "<group>"; };
		E4D102E327E47974005133B1 /* SoccerAPI.swift */ = {isa = PBXFileReference; lastKnownFileType = sourcecode.swift; path = SoccerAPI.swift; sourceTree = "<group>"; };
		E4D102E527E4972F005133B1 /* APIError.swift */ = {isa = PBXFileReference; lastKnownFileType = sourcecode.swift; path = APIError.swift; sourceTree = "<group>"; };
/* End PBXFileReference section */

/* Begin PBXFrameworksBuildPhase section */
		E4D102AF27E3A5D0005133B1 /* Frameworks */ = {
			isa = PBXFrameworksBuildPhase;
			buildActionMask = 2147483647;
			files = (
				E45C6EE827EB93EF00EC5317 /* RealmSwift in Frameworks */,
				E45C6EE627EB93EF00EC5317 /* Realm in Frameworks */,
				E4D102C527E3A652005133B1 /* Alamofire in Frameworks */,
				E4917C9327F212EE004106F1 /* SwiftyUserDefaults in Frameworks */,
			);
			runOnlyForDeploymentPostprocessing = 0;
		};
/* End PBXFrameworksBuildPhase section */

/* Begin PBXGroup section */
		0269723428DC66B700C92DF1 /* TabBar */ = {
			isa = PBXGroup;
			children = (
				0269723528DC66CD00C92DF1 /* TabBarItem.swift */,
				0269723728DC66D800C92DF1 /* TabBarView.swift */,
			);
			path = TabBar;
			sourceTree = "<group>";
		};
		E45C6EC227EB770B00EC5317 /* Models */ = {
			isa = PBXGroup;
			children = (
				E45C6EC527EB776500EC5317 /* HomePageModel.swift */,
			);
			path = Models;
			sourceTree = "<group>";
		};
		E45C6EC327EB771000EC5317 /* ViewModels */ = {
			isa = PBXGroup;
			children = (
				E4D102DF27E475E6005133B1 /* HomeViewModel.swift */,
			);
			path = ViewModels;
			sourceTree = "<group>";
		};
		E45C6EC427EB771800EC5317 /* Views */ = {
			isa = PBXGroup;
			children = (
				E45C6EC927EB77DC00EC5317 /* HomeContentView.swift */,
				E4D102D727E47491005133B1 /* HomeView.swift */,
			);
			path = Views;
			sourceTree = "<group>";
		};
		E45C6ECB27EB783800EC5317 /* Standing */ = {
			isa = PBXGroup;
			children = (
				E45C6EDE27EB808B00EC5317 /* Models */,
				E45C6EDB27EB804A00EC5317 /* ViewModels */,
				E45C6ED427EB78A900EC5317 /* Views */,
			);
			path = Standing;
			sourceTree = "<group>";
		};
		E45C6ECC27EB784A00EC5317 /* LiveResult */ = {
			isa = PBXGroup;
			children = (
				E461DB692808421D00BBD51E /* ViewModels */,
				E45C6ED127EB788D00EC5317 /* Views */,
			);
			path = LiveResult;
			sourceTree = "<group>";
		};
		E45C6ECD27EB785100EC5317 /* Scorers */ = {
			isa = PBXGroup;
			children = (
				E461DB5B28059D6600BBD51E /* ViewModels */,
				E461DB542805945300BBD51E /* Models */,
				E45C6ECE27EB787400EC5317 /* Views */,
			);
			path = Scorers;
			sourceTree = "<group>";
		};
		E45C6ECE27EB787400EC5317 /* Views */ = {
			isa = PBXGroup;
			children = (
				E45C6ECF27EB788800EC5317 /* HomeScorersView.swift */,
				E4ABC1A9282198F60099196D /* ScorersListHeader.swift */,
				E461DB522805942400BBD51E /* ScorersListRow.swift */,
			);
			path = Views;
			sourceTree = "<group>";
		};
		E45C6ED127EB788D00EC5317 /* Views */ = {
			isa = PBXGroup;
			children = (
				E45C6ED227EB78A100EC5317 /* HomeLiveResultView.swift */,
			);
			path = Views;
			sourceTree = "<group>";
		};
		E45C6ED427EB78A900EC5317 /* Views */ = {
			isa = PBXGroup;
			children = (
				E45C6ED527EB78B900EC5317 /* HomeStandingView.swift */,
				E4ABC1AB282199650099196D /* StandingListHeader.swift */,
				E45C6ED927EB804000EC5317 /* StandingListRow.swift */,
			);
			path = Views;
			sourceTree = "<group>";
		};
		E45C6EDB27EB804A00EC5317 /* ViewModels */ = {
			isa = PBXGroup;
			children = (
				E45C6EDC27EB805C00EC5317 /* HomeStandingViewModel.swift */,
			);
			path = ViewModels;
			sourceTree = "<group>";
		};
		E45C6EDE27EB808B00EC5317 /* Models */ = {
			isa = PBXGroup;
			children = (
				E45C6EDF27EB80A500EC5317 /* HomeStandingModel.swift */,
			);
			path = Models;
			sourceTree = "<group>";
		};
		E45C6EE127EB88EE00EC5317 /* Realm */ = {
			isa = PBXGroup;
			children = (
				E45C6EE927EB9BC400EC5317 /* PersistanceManager.swift */,
				E45C6EE227EB890500EC5317 /* RealmModels.swift */,
			);
			path = Realm;
			sourceTree = "<group>";
		};
		E461DB542805945300BBD51E /* Models */ = {
			isa = PBXGroup;
			children = (
				E461DB552805945F00BBD51E /* HomeScorersModel.swift */,
			);
			path = Models;
			sourceTree = "<group>";
		};
		E461DB5B28059D6600BBD51E /* ViewModels */ = {
			isa = PBXGroup;
			children = (
				E461DB5C28059D7300BBD51E /* HomeScorersViewModel.swift */,
			);
			path = ViewModels;
			sourceTree = "<group>";
		};
		E461DB692808421D00BBD51E /* ViewModels */ = {
			isa = PBXGroup;
			children = (
				E461DB6A2808422F00BBD51E /* HomeLiveResultViewModel.swift */,
			);
			path = ViewModels;
			sourceTree = "<group>";
		};
		E462D8A828005BEB001CF457 /* Common */ = {
			isa = PBXGroup;
			children = (
				E4ABC1A52821932C0099196D /* Views */,
				E462D8A628005BE5001CF457 /* BaseViewModel.swift */,
				E4ABC1A62821957F0099196D /* CommonConstants.swift */,
				E4ABC1A328218DFE0099196D /* ViewStatus.swift */,
			);
			path = Common;
			sourceTree = "<group>";
		};
		E462D8A92800603A001CF457 /* Codable */ = {
			isa = PBXGroup;
			children = (
				E461DB6E2808452E00BBD51E /* MatchesCodable.swift */,
				E461DB592805977C00BBD51E /* ScorersCodable.swift */,
				E462D8A428005842001CF457 /* StandingCodable.swift */,
				E4D102E127E47851005133B1 /* StatusCodable.swift */,
				E45C6EEC27EB9FC600EC5317 /* TeamsCodable.swift */,
			);
			path = Codable;
			sourceTree = "<group>";
		};
		E462D8AA28006045001CF457 /* Manager */ = {
			isa = PBXGroup;
			children = (
				E4D102DB27E474C9005133B1 /* SoccerAPIManager.swift */,
				E4ABC199282175740099196D /* SoccerAPIManagerProtocol.swift */,
			);
			path = Manager;
			sourceTree = "<group>";
		};
		E462D8AB28006050001CF457 /* API */ = {
			isa = PBXGroup;
			children = (
				E4D102E527E4972F005133B1 /* APIError.swift */,
				E4D102E327E47974005133B1 /* SoccerAPI.swift */,
				E461DB6C280842E600BBD51E /* MatchesStatus.swift */,
				E461DB572805955300BBD51E /* SoccerLeague.swift */,
			);
			path = API;
			sourceTree = "<group>";
		};
		E4917C8E27F2113D004106F1 /* UserDefaults */ = {
			isa = PBXGroup;
			children = (
				E4917C8F27F21157004106F1 /* DefaultKeys.swift */,
			);
			path = UserDefaults;
			sourceTree = "<group>";
		};
		E4ABC1A52821932C0099196D /* Views */ = {
			isa = PBXGroup;
			children = (
				E4ABC1A128217DE80099196D /* ErrorView.swift */,
				E4ABC19F28217DE00099196D /* LoadingView.swift */,
				E4ABC19D28217DB80099196D /* CommonStatusView.swift */,
			);
			path = Views;
			sourceTree = "<group>";
		};
		E4D102A927E3A5D0005133B1 = {
			isa = PBXGroup;
			children = (
				E4D102B427E3A5D0005133B1 /* SwiftSoccer */,
				E4D102B327E3A5D0005133B1 /* Products */,
			);
			sourceTree = "<group>";
		};
		E4D102B327E3A5D0005133B1 /* Products */ = {
			isa = PBXGroup;
			children = (
				E4D102B227E3A5D0005133B1 /* SwiftSoccer.app */,
			);
			name = Products;
			sourceTree = "<group>";
		};
		E4D102B427E3A5D0005133B1 /* SwiftSoccer */ = {
			isa = PBXGroup;
			children = (
				E4917C8E27F2113D004106F1 /* UserDefaults */,
				E46B683127E9F34E00F7E679 /* Info.plist */,
				E462D8A828005BEB001CF457 /* Common */,
				E45C6EE127EB88EE00EC5317 /* Realm */,
				E4D102DA27E474B1005133B1 /* Network */,
				E4D102D627E4746F005133B1 /* Modules */,
				E4D102C827E3B9F3005133B1 /* Constants */,
				E4D102C727E3B9EC005133B1 /* Resources */,
				E4D102B727E3A5D0005133B1 /* ContentView.swift */,
				E4D102B527E3A5D0005133B1 /* SwiftSoccerApp.swift */,
				E4D102BB27E3A5D5005133B1 /* Preview Content */,
			);
			path = SwiftSoccer;
			sourceTree = "<group>";
		};
		E4D102BB27E3A5D5005133B1 /* Preview Content */ = {
			isa = PBXGroup;
			children = (
				E4D102BC27E3A5D5005133B1 /* Preview Assets.xcassets */,
			);
			path = "Preview Content";
			sourceTree = "<group>";
		};
		E4D102C727E3B9EC005133B1 /* Resources */ = {
			isa = PBXGroup;
			children = (
				E4D102B927E3A5D5005133B1 /* Assets.xcassets */,
				E4D102CE27E473F2005133B1 /* Localizable.strings */,
				E4D102CF27E473F2005133B1 /* swiftgen.yml */,
			);
			path = Resources;
			sourceTree = "<group>";
		};
		E4D102C827E3B9F3005133B1 /* Constants */ = {
			isa = PBXGroup;
			children = (
				E4D102D427E47469005133B1 /* Images.swift */,
				E4D102CB27E473E9005133B1 /* Strings.swift */,
			);
			path = Constants;
			sourceTree = "<group>";
		};
		E4D102D627E4746F005133B1 /* Modules */ = {
			isa = PBXGroup;
			children = (
				E4D102D927E47495005133B1 /* Home */,
				E45C6ECC27EB784A00EC5317 /* LiveResult */,
				E45C6ECB27EB783800EC5317 /* Standing */,
				E45C6ECD27EB785100EC5317 /* Scorers */,
			);
			path = Modules;
			sourceTree = "<group>";
		};
		E4D102D927E47495005133B1 /* Home */ = {
			isa = PBXGroup;
			children = (
				0269723428DC66B700C92DF1 /* TabBar */,
				E45C6EC427EB771800EC5317 /* Views */,
				E45C6EC327EB771000EC5317 /* ViewModels */,
				E45C6EC227EB770B00EC5317 /* Models */,
			);
			path = Home;
			sourceTree = "<group>";
		};
		E4D102DA27E474B1005133B1 /* Network */ = {
			isa = PBXGroup;
			children = (
				E462D8AB28006050001CF457 /* API */,
				E462D8AA28006045001CF457 /* Manager */,
				E462D8A92800603A001CF457 /* Codable */,
			);
			path = Network;
			sourceTree = "<group>";
		};
/* End PBXGroup section */

/* Begin PBXNativeTarget section */
		E4D102B127E3A5D0005133B1 /* SwiftSoccer */ = {
			isa = PBXNativeTarget;
			buildConfigurationList = E4D102C027E3A5D5005133B1 /* Build configuration list for PBXNativeTarget "SwiftSoccer" */;
			buildPhases = (
				E4D102AE27E3A5D0005133B1 /* Sources */,
				E4D102AF27E3A5D0005133B1 /* Frameworks */,
				E4D102B027E3A5D0005133B1 /* Resources */,
				E4D102C627E3B9CE005133B1 /* Swiftgen */,
				E4D102C927E473B7005133B1 /* Swiftlint */,
			);
			buildRules = (
			);
			dependencies = (
			);
			name = SwiftSoccer;
			packageProductDependencies = (
				E4D102C427E3A652005133B1 /* Alamofire */,
				E45C6EE527EB93EF00EC5317 /* Realm */,
				E45C6EE727EB93EF00EC5317 /* RealmSwift */,
				E4917C9227F212EE004106F1 /* SwiftyUserDefaults */,
			);
			productName = SwiftSoccer;
			productReference = E4D102B227E3A5D0005133B1 /* SwiftSoccer.app */;
			productType = "com.apple.product-type.application";
		};
/* End PBXNativeTarget section */

/* Begin PBXProject section */
		E4D102AA27E3A5D0005133B1 /* Project object */ = {
			isa = PBXProject;
			attributes = {
				BuildIndependentTargetsInParallel = 1;
				LastSwiftUpdateCheck = 1320;
				LastUpgradeCheck = 1320;
				TargetAttributes = {
					E4D102B127E3A5D0005133B1 = {
						CreatedOnToolsVersion = 13.2.1;
					};
				};
			};
			buildConfigurationList = E4D102AD27E3A5D0005133B1 /* Build configuration list for PBXProject "SwiftSoccer" */;
			compatibilityVersion = "Xcode 13.0";
			developmentRegion = en;
			hasScannedForEncodings = 0;
			knownRegions = (
				en,
				Base,
			);
			mainGroup = E4D102A927E3A5D0005133B1;
			packageReferences = (
				E4D102C327E3A652005133B1 /* XCRemoteSwiftPackageReference "Alamofire" */,
				E45C6EE427EB93EF00EC5317 /* XCRemoteSwiftPackageReference "realm-swift" */,
				E4917C9127F212EE004106F1 /* XCRemoteSwiftPackageReference "SwiftyUserDefaults" */,
			);
			productRefGroup = E4D102B327E3A5D0005133B1 /* Products */;
			projectDirPath = "";
			projectRoot = "";
			targets = (
				E4D102B127E3A5D0005133B1 /* SwiftSoccer */,
			);
		};
/* End PBXProject section */

/* Begin PBXResourcesBuildPhase section */
		E4D102B027E3A5D0005133B1 /* Resources */ = {
			isa = PBXResourcesBuildPhase;
			buildActionMask = 2147483647;
			files = (
				E4D102BD27E3A5D5005133B1 /* Preview Assets.xcassets in Resources */,
				E4D102D127E473F2005133B1 /* Localizable.strings in Resources */,
				E4D102D227E473F2005133B1 /* swiftgen.yml in Resources */,
				E46B683027E9BB1A00F7E679 /* Assets.xcassets in Resources */,
			);
			runOnlyForDeploymentPostprocessing = 0;
		};
/* End PBXResourcesBuildPhase section */

/* Begin PBXShellScriptBuildPhase section */
		E4D102C627E3B9CE005133B1 /* Swiftgen */ = {
			isa = PBXShellScriptBuildPhase;
			buildActionMask = 2147483647;
			files = (
			);
			inputFileListPaths = (
			);
			inputPaths = (
			);
			name = Swiftgen;
			outputFileListPaths = (
			);
			outputPaths = (
			);
			runOnlyForDeploymentPostprocessing = 0;
			shellPath = /bin/sh;
			shellScript = "if which swiftgen >/dev/null; then\n    swiftgen config run --config ./SwiftSoccer/Resources/swiftgen.yml \nelse\n    echo \"warning: SwiftGen not installed\"\nfi\n";
		};
		E4D102C927E473B7005133B1 /* Swiftlint */ = {
			isa = PBXShellScriptBuildPhase;
			buildActionMask = 2147483647;
			files = (
			);
			inputFileListPaths = (
			);
			inputPaths = (
			);
			name = Swiftlint;
			outputFileListPaths = (
			);
			outputPaths = (
			);
			runOnlyForDeploymentPostprocessing = 0;
			shellPath = /bin/sh;
			shellScript = "if which swiftlint >/dev/null; then\n  swiftlint\nelse\n  echo \"warning: SwiftLint not installed, download from https://github.com/realm/SwiftLint\"\nfi\n";
		};
/* End PBXShellScriptBuildPhase section */

/* Begin PBXSourcesBuildPhase section */
		E4D102AE27E3A5D0005133B1 /* Sources */ = {
			isa = PBXSourcesBuildPhase;
			buildActionMask = 2147483647;
			files = (
				E45C6ED027EB788800EC5317 /* HomeScorersView.swift in Sources */,
				E4D102E627E4972F005133B1 /* APIError.swift in Sources */,
				E4D102DC27E474C9005133B1 /* SoccerAPIManager.swift in Sources */,
				E45C6EE327EB890500EC5317 /* RealmModels.swift in Sources */,
				E45C6EDD27EB805C00EC5317 /* HomeStandingViewModel.swift in Sources */,
				E462D8A728005BE5001CF457 /* BaseViewModel.swift in Sources */,
				E4D102B827E3A5D0005133B1 /* ContentView.swift in Sources */,
				E4ABC1A228217DE80099196D /* ErrorView.swift in Sources */,
				E4ABC19A282175740099196D /* SoccerAPIManagerProtocol.swift in Sources */,
				E45C6ED327EB78A100EC5317 /* HomeLiveResultView.swift in Sources */,
				E4ABC1A8282196E10099196D /* CommonConstants.swift in Sources */,
				E461DB5D28059D7300BBD51E /* HomeScorersViewModel.swift in Sources */,
				E45C6ECA27EB77DC00EC5317 /* HomeContentView.swift in Sources */,
				E4D102E227E47851005133B1 /* StatusCodable.swift in Sources */,
				E462D8A528005842001CF457 /* StandingCodable.swift in Sources */,
				E461DB6B2808422F00BBD51E /* HomeLiveResultViewModel.swift in Sources */,
				0269723828DC66D800C92DF1 /* TabBarView.swift in Sources */,
				E4D102E027E475E6005133B1 /* HomeViewModel.swift in Sources */,
				E45C6EE027EB80A500EC5317 /* HomeStandingModel.swift in Sources */,
				E461DB532805942400BBD51E /* ScorersListRow.swift in Sources */,
				E461DB582805955300BBD51E /* SoccerLeague.swift in Sources */,
				E4D102D527E47469005133B1 /* Images.swift in Sources */,
				E4ABC1AA282198F60099196D /* ScorersListHeader.swift in Sources */,
				E4D102D827E47491005133B1 /* HomeView.swift in Sources */,
				E461DB562805945F00BBD51E /* HomeScorersModel.swift in Sources */,
				E45C6EED27EB9FC600EC5317 /* TeamsCodable.swift in Sources */,
				E4ABC1A428218DFE0099196D /* ViewStatus.swift in Sources */,
				E4D102E427E47974005133B1 /* SoccerAPI.swift in Sources */,
				0269723628DC66CD00C92DF1 /* TabBarItem.swift in Sources */,
				E461DB6D280842E600BBD51E /* MatchesStatus.swift in Sources */,
				E45C6EC627EB776500EC5317 /* HomePageModel.swift in Sources */,
				E45C6EEA27EB9BC400EC5317 /* PersistanceManager.swift in Sources */,
				E461DB5A2805977C00BBD51E /* ScorersCodable.swift in Sources */,
				E4917C9027F21157004106F1 /* DefaultKeys.swift in Sources */,
				E4ABC1AC282199650099196D /* StandingListHeader.swift in Sources */,
				E45C6EDA27EB804000EC5317 /* StandingListRow.swift in Sources */,
				E4ABC19E28217DB80099196D /* CommonStatusView.swift in Sources */,
				E4D102CD27E473E9005133B1 /* Strings.swift in Sources */,
				E45C6ED627EB78B900EC5317 /* HomeStandingView.swift in Sources */,
				E461DB6F2808452E00BBD51E /* MatchesCodable.swift in Sources */,
				E4ABC1A028217DE00099196D /* LoadingView.swift in Sources */,
				E4D102B627E3A5D0005133B1 /* SwiftSoccerApp.swift in Sources */,
			);
			runOnlyForDeploymentPostprocessing = 0;
		};
/* End PBXSourcesBuildPhase section */

/* Begin XCBuildConfiguration section */
		E4D102BE27E3A5D5005133B1 /* Debug */ = {
			isa = XCBuildConfiguration;
			buildSettings = {
				ALWAYS_SEARCH_USER_PATHS = NO;
				CLANG_ANALYZER_NONNULL = YES;
				CLANG_ANALYZER_NUMBER_OBJECT_CONVERSION = YES_AGGRESSIVE;
				CLANG_CXX_LANGUAGE_STANDARD = "gnu++17";
				CLANG_CXX_LIBRARY = "libc++";
				CLANG_ENABLE_MODULES = YES;
				CLANG_ENABLE_OBJC_ARC = YES;
				CLANG_ENABLE_OBJC_WEAK = YES;
				CLANG_WARN_BLOCK_CAPTURE_AUTORELEASING = YES;
				CLANG_WARN_BOOL_CONVERSION = YES;
				CLANG_WARN_COMMA = YES;
				CLANG_WARN_CONSTANT_CONVERSION = YES;
				CLANG_WARN_DEPRECATED_OBJC_IMPLEMENTATIONS = YES;
				CLANG_WARN_DIRECT_OBJC_ISA_USAGE = YES_ERROR;
				CLANG_WARN_DOCUMENTATION_COMMENTS = YES;
				CLANG_WARN_EMPTY_BODY = YES;
				CLANG_WARN_ENUM_CONVERSION = YES;
				CLANG_WARN_INFINITE_RECURSION = YES;
				CLANG_WARN_INT_CONVERSION = YES;
				CLANG_WARN_NON_LITERAL_NULL_CONVERSION = YES;
				CLANG_WARN_OBJC_IMPLICIT_RETAIN_SELF = YES;
				CLANG_WARN_OBJC_LITERAL_CONVERSION = YES;
				CLANG_WARN_OBJC_ROOT_CLASS = YES_ERROR;
				CLANG_WARN_QUOTED_INCLUDE_IN_FRAMEWORK_HEADER = YES;
				CLANG_WARN_RANGE_LOOP_ANALYSIS = YES;
				CLANG_WARN_STRICT_PROTOTYPES = YES;
				CLANG_WARN_SUSPICIOUS_MOVE = YES;
				CLANG_WARN_UNGUARDED_AVAILABILITY = YES_AGGRESSIVE;
				CLANG_WARN_UNREACHABLE_CODE = YES;
				CLANG_WARN__DUPLICATE_METHOD_MATCH = YES;
				COPY_PHASE_STRIP = NO;
				DEBUG_INFORMATION_FORMAT = dwarf;
				ENABLE_STRICT_OBJC_MSGSEND = YES;
				ENABLE_TESTABILITY = YES;
				GCC_C_LANGUAGE_STANDARD = gnu11;
				GCC_DYNAMIC_NO_PIC = NO;
				GCC_NO_COMMON_BLOCKS = YES;
				GCC_OPTIMIZATION_LEVEL = 0;
				GCC_PREPROCESSOR_DEFINITIONS = (
					"DEBUG=1",
					"$(inherited)",
				);
				GCC_WARN_64_TO_32_BIT_CONVERSION = YES;
				GCC_WARN_ABOUT_RETURN_TYPE = YES_ERROR;
				GCC_WARN_UNDECLARED_SELECTOR = YES;
				GCC_WARN_UNINITIALIZED_AUTOS = YES_AGGRESSIVE;
				GCC_WARN_UNUSED_FUNCTION = YES;
				GCC_WARN_UNUSED_VARIABLE = YES;
				IPHONEOS_DEPLOYMENT_TARGET = 15.2;
				MTL_ENABLE_DEBUG_INFO = INCLUDE_SOURCE;
				MTL_FAST_MATH = YES;
				ONLY_ACTIVE_ARCH = YES;
				SDKROOT = iphoneos;
				SWIFT_ACTIVE_COMPILATION_CONDITIONS = DEBUG;
				SWIFT_OPTIMIZATION_LEVEL = "-Onone";
			};
			name = Debug;
		};
		E4D102BF27E3A5D5005133B1 /* Release */ = {
			isa = XCBuildConfiguration;
			buildSettings = {
				ALWAYS_SEARCH_USER_PATHS = NO;
				CLANG_ANALYZER_NONNULL = YES;
				CLANG_ANALYZER_NUMBER_OBJECT_CONVERSION = YES_AGGRESSIVE;
				CLANG_CXX_LANGUAGE_STANDARD = "gnu++17";
				CLANG_CXX_LIBRARY = "libc++";
				CLANG_ENABLE_MODULES = YES;
				CLANG_ENABLE_OBJC_ARC = YES;
				CLANG_ENABLE_OBJC_WEAK = YES;
				CLANG_WARN_BLOCK_CAPTURE_AUTORELEASING = YES;
				CLANG_WARN_BOOL_CONVERSION = YES;
				CLANG_WARN_COMMA = YES;
				CLANG_WARN_CONSTANT_CONVERSION = YES;
				CLANG_WARN_DEPRECATED_OBJC_IMPLEMENTATIONS = YES;
				CLANG_WARN_DIRECT_OBJC_ISA_USAGE = YES_ERROR;
				CLANG_WARN_DOCUMENTATION_COMMENTS = YES;
				CLANG_WARN_EMPTY_BODY = YES;
				CLANG_WARN_ENUM_CONVERSION = YES;
				CLANG_WARN_INFINITE_RECURSION = YES;
				CLANG_WARN_INT_CONVERSION = YES;
				CLANG_WARN_NON_LITERAL_NULL_CONVERSION = YES;
				CLANG_WARN_OBJC_IMPLICIT_RETAIN_SELF = YES;
				CLANG_WARN_OBJC_LITERAL_CONVERSION = YES;
				CLANG_WARN_OBJC_ROOT_CLASS = YES_ERROR;
				CLANG_WARN_QUOTED_INCLUDE_IN_FRAMEWORK_HEADER = YES;
				CLANG_WARN_RANGE_LOOP_ANALYSIS = YES;
				CLANG_WARN_STRICT_PROTOTYPES = YES;
				CLANG_WARN_SUSPICIOUS_MOVE = YES;
				CLANG_WARN_UNGUARDED_AVAILABILITY = YES_AGGRESSIVE;
				CLANG_WARN_UNREACHABLE_CODE = YES;
				CLANG_WARN__DUPLICATE_METHOD_MATCH = YES;
				COPY_PHASE_STRIP = NO;
				DEBUG_INFORMATION_FORMAT = "dwarf-with-dsym";
				ENABLE_NS_ASSERTIONS = NO;
				ENABLE_STRICT_OBJC_MSGSEND = YES;
				GCC_C_LANGUAGE_STANDARD = gnu11;
				GCC_NO_COMMON_BLOCKS = YES;
				GCC_WARN_64_TO_32_BIT_CONVERSION = YES;
				GCC_WARN_ABOUT_RETURN_TYPE = YES_ERROR;
				GCC_WARN_UNDECLARED_SELECTOR = YES;
				GCC_WARN_UNINITIALIZED_AUTOS = YES_AGGRESSIVE;
				GCC_WARN_UNUSED_FUNCTION = YES;
				GCC_WARN_UNUSED_VARIABLE = YES;
				IPHONEOS_DEPLOYMENT_TARGET = 15.2;
				MTL_ENABLE_DEBUG_INFO = NO;
				MTL_FAST_MATH = YES;
				SDKROOT = iphoneos;
				SWIFT_COMPILATION_MODE = wholemodule;
				SWIFT_OPTIMIZATION_LEVEL = "-O";
				VALIDATE_PRODUCT = YES;
			};
			name = Release;
		};
		E4D102C127E3A5D5005133B1 /* Debug */ = {
			isa = XCBuildConfiguration;
			buildSettings = {
				ASSETCATALOG_COMPILER_APPICON_NAME = AppIcon;
				ASSETCATALOG_COMPILER_GLOBAL_ACCENT_COLOR_NAME = AccentColor;
				ASSETCATALOG_COMPILER_INCLUDE_ALL_APPICON_ASSETS = NO;
				CODE_SIGN_STYLE = Automatic;
				CURRENT_PROJECT_VERSION = 1;
				DEVELOPMENT_ASSET_PATHS = "\"SwiftSoccer/Preview Content\"";
				DEVELOPMENT_TEAM = NX5JA428Y3;
				ENABLE_PREVIEWS = YES;
				GENERATE_INFOPLIST_FILE = YES;
				INFOPLIST_FILE = SwiftSoccer/Info.plist;
				INFOPLIST_KEY_UIApplicationSceneManifest_Generation = YES;
				INFOPLIST_KEY_UIApplicationSupportsIndirectInputEvents = YES;
				INFOPLIST_KEY_UISupportedInterfaceOrientations_iPad = "UIInterfaceOrientationPortrait UIInterfaceOrientationPortraitUpsideDown UIInterfaceOrientationLandscapeLeft UIInterfaceOrientationLandscapeRight";
				INFOPLIST_KEY_UISupportedInterfaceOrientations_iPhone = "UIInterfaceOrientationPortrait UIInterfaceOrientationLandscapeLeft UIInterfaceOrientationLandscapeRight";
				LD_RUNPATH_SEARCH_PATHS = (
					"$(inherited)",
					"@executable_path/Frameworks",
				);
				MARKETING_VERSION = 1.0;
				PRODUCT_BUNDLE_IDENTIFIER = com.thomaslegris.SwiftSoccer;
				PRODUCT_NAME = "$(TARGET_NAME)";
				SWIFT_EMIT_LOC_STRINGS = YES;
				SWIFT_VERSION = 5.0;
				TARGETED_DEVICE_FAMILY = "1,2";
			};
			name = Debug;
		};
		E4D102C227E3A5D5005133B1 /* Release */ = {
			isa = XCBuildConfiguration;
			buildSettings = {
				ASSETCATALOG_COMPILER_APPICON_NAME = AppIcon;
				ASSETCATALOG_COMPILER_GLOBAL_ACCENT_COLOR_NAME = AccentColor;
				ASSETCATALOG_COMPILER_INCLUDE_ALL_APPICON_ASSETS = NO;
				CODE_SIGN_STYLE = Automatic;
				CURRENT_PROJECT_VERSION = 1;
				DEVELOPMENT_ASSET_PATHS = "\"SwiftSoccer/Preview Content\"";
				DEVELOPMENT_TEAM = NX5JA428Y3;
				ENABLE_PREVIEWS = YES;
				GENERATE_INFOPLIST_FILE = YES;
				INFOPLIST_FILE = SwiftSoccer/Info.plist;
				INFOPLIST_KEY_UIApplicationSceneManifest_Generation = YES;
				INFOPLIST_KEY_UIApplicationSupportsIndirectInputEvents = YES;
				INFOPLIST_KEY_UISupportedInterfaceOrientations_iPad = "UIInterfaceOrientationPortrait UIInterfaceOrientationPortraitUpsideDown UIInterfaceOrientationLandscapeLeft UIInterfaceOrientationLandscapeRight";
				INFOPLIST_KEY_UISupportedInterfaceOrientations_iPhone = "UIInterfaceOrientationPortrait UIInterfaceOrientationLandscapeLeft UIInterfaceOrientationLandscapeRight";
				LD_RUNPATH_SEARCH_PATHS = (
					"$(inherited)",
					"@executable_path/Frameworks",
				);
				MARKETING_VERSION = 1.0;
				PRODUCT_BUNDLE_IDENTIFIER = com.thomaslegris.SwiftSoccer;
				PRODUCT_NAME = "$(TARGET_NAME)";
				SWIFT_EMIT_LOC_STRINGS = YES;
				SWIFT_VERSION = 5.0;
				TARGETED_DEVICE_FAMILY = "1,2";
			};
			name = Release;
		};
/* End XCBuildConfiguration section */

/* Begin XCConfigurationList section */
		E4D102AD27E3A5D0005133B1 /* Build configuration list for PBXProject "SwiftSoccer" */ = {
			isa = XCConfigurationList;
			buildConfigurations = (
				E4D102BE27E3A5D5005133B1 /* Debug */,
				E4D102BF27E3A5D5005133B1 /* Release */,
			);
			defaultConfigurationIsVisible = 0;
			defaultConfigurationName = Release;
		};
		E4D102C027E3A5D5005133B1 /* Build configuration list for PBXNativeTarget "SwiftSoccer" */ = {
			isa = XCConfigurationList;
			buildConfigurations = (
				E4D102C127E3A5D5005133B1 /* Debug */,
				E4D102C227E3A5D5005133B1 /* Release */,
			);
			defaultConfigurationIsVisible = 0;
			defaultConfigurationName = Release;
		};
/* End XCConfigurationList section */

/* Begin XCRemoteSwiftPackageReference section */
		E45C6EE427EB93EF00EC5317 /* XCRemoteSwiftPackageReference "realm-swift" */ = {
			isa = XCRemoteSwiftPackageReference;
			repositoryURL = "https://github.com/realm/realm-swift";
			requirement = {
				branch = master;
				kind = branch;
			};
		};
		E4917C9127F212EE004106F1 /* XCRemoteSwiftPackageReference "SwiftyUserDefaults" */ = {
			isa = XCRemoteSwiftPackageReference;
			repositoryURL = "https://github.com/sunshinejr/SwiftyUserDefaults.git";
			requirement = {
				branch = master;
				kind = branch;
			};
		};
		E4D102C327E3A652005133B1 /* XCRemoteSwiftPackageReference "Alamofire" */ = {
			isa = XCRemoteSwiftPackageReference;
			repositoryURL = "https://github.com/Alamofire/Alamofire";
			requirement = {
				branch = master;
				kind = branch;
			};
		};
/* End XCRemoteSwiftPackageReference section */

/* Begin XCSwiftPackageProductDependency section */
		E45C6EE527EB93EF00EC5317 /* Realm */ = {
			isa = XCSwiftPackageProductDependency;
			package = E45C6EE427EB93EF00EC5317 /* XCRemoteSwiftPackageReference "realm-swift" */;
			productName = Realm;
		};
		E45C6EE727EB93EF00EC5317 /* RealmSwift */ = {
			isa = XCSwiftPackageProductDependency;
			package = E45C6EE427EB93EF00EC5317 /* XCRemoteSwiftPackageReference "realm-swift" */;
			productName = RealmSwift;
		};
		E4917C9227F212EE004106F1 /* SwiftyUserDefaults */ = {
			isa = XCSwiftPackageProductDependency;
			package = E4917C9127F212EE004106F1 /* XCRemoteSwiftPackageReference "SwiftyUserDefaults" */;
			productName = SwiftyUserDefaults;
		};
		E4D102C427E3A652005133B1 /* Alamofire */ = {
			isa = XCSwiftPackageProductDependency;
			package = E4D102C327E3A652005133B1 /* XCRemoteSwiftPackageReference "Alamofire" */;
			productName = Alamofire;
		};
/* End XCSwiftPackageProductDependency section */
	};
	rootObject = E4D102AA27E3A5D0005133B1 /* Project object */;
}
